
Microsoft Visual Studio Solution File, Format Version 12.00
# Visual Studio Version 17
VisualStudioVersion = 17.12.35527.113
MinimumVisualStudioVersion = 10.0.40219.1
Project("{FAE04EC0-301F-11D3-BF4B-00C04F79EFBC}") = "OpenCS", "OpenCS\OpenCS.csproj", "{7BA33C8B-EBF0-4E2B-B1A7-0933D32C3E19}"
EndProject
Project("{FAE04EC0-301F-11D3-BF4B-00C04F79EFBC}") = "CScore", "CScore\CScore.csproj", "{054798B0-2429-4FA1-AF18-E27A3F43CC27}"
EndProject
Project("{FAE04EC0-301F-11D3-BF4B-00C04F79EFBC}") = "CSmath", "CSmath\CSmath.csproj", "{DE2B9777-7A20-48A0-9C6A-58BF150EE2D8}"
EndProject
Global
	GlobalSection(SolutionConfigurationPlatforms) = preSolution
		Debug|Any CPU = Debug|Any CPU
		Release|Any CPU = Release|Any CPU
	EndGlobalSection
	GlobalSection(ProjectConfigurationPlatforms) = postSolution
		{7BA33C8B-EBF0-4E2B-B1A7-0933D32C3E19}.Debug|Any CPU.ActiveCfg = Debug|Any CPU
		{7BA33C8B-EBF0-4E2B-B1A7-0933D32C3E19}.Debug|Any CPU.Build.0 = Debug|Any CPU
		{7BA33C8B-EBF0-4E2B-B1A7-0933D32C3E19}.Release|Any CPU.ActiveCfg = Release|Any CPU
		{7BA33C8B-EBF0-4E2B-B1A7-0933D32C3E19}.Release|Any CPU.Build.0 = Release|Any CPU
		{054798B0-2429-4FA1-AF18-E27A3F43CC27}.Debug|Any CPU.ActiveCfg = Debug|Any CPU
		{054798B0-2429-4FA1-AF18-E27A3F43CC27}.Debug|Any CPU.Build.0 = Debug|Any CPU
		{054798B0-2429-4FA1-AF18-E27A3F43CC27}.Release|Any CPU.ActiveCfg = Release|Any CPU
		{054798B0-2429-4FA1-AF18-E27A3F43CC27}.Release|Any CPU.Build.0 = Release|Any CPU
		{DE2B9777-7A20-48A0-9C6A-58BF150EE2D8}.Debug|Any CPU.ActiveCfg = Debug|Any CPU
		{DE2B9777-7A20-48A0-9C6A-58BF150EE2D8}.Debug|Any CPU.Build.0 = Debug|Any CPU
		{DE2B9777-7A20-48A0-9C6A-58BF150EE2D8}.Release|Any CPU.ActiveCfg = Release|Any CPU
		{DE2B9777-7A20-48A0-9C6A-58BF150EE2D8}.Release|Any CPU.Build.0 = Release|Any CPU
	EndGlobalSection
	GlobalSection(SolutionProperties) = preSolution
		HideSolutionNode = FALSE
	EndGlobalSection
	GlobalSection(ExtensibilityGlobals) = postSolution
		SolutionGuid = {80DB4C21-55DD-4D5B-907B-DC5B706D19CF}
	EndGlobalSection
EndGlobal
