
Microsoft Visual Studio Solution File, Format Version 12.00
# Visual Studio Version 17
VisualStudioVersion = 17.12.35527.113
MinimumVisualStudioVersion = 10.0.40219.1
Project("{FAE04EC0-301F-11D3-BF4B-00C04F79EFBC}") = "OpenCS", "OpenCS\OpenCS.csproj", "{7BA33C8B-EBF0-4E2B-B1A7-0933D32C3E19}"
EndProject
Project("{FAE04EC0-301F-11D3-BF4B-00C04F79EFBC}") = "CScore", "CScore\CScore.csproj", "{054798B0-2429-4FA1-AF18-E27A3F43CC27}"
EndProject
Project("{FAE04EC0-301F-11D3-BF4B-00C04F79EFBC}") = "CSmath", "CSmath\CSmath.csproj", "{DE2B9777-7A20-48A0-9C6A-58BF150EE2D8}"
EndProject
Project("{FAE04EC0-301F-11D3-BF4B-00C04F79EFBC}") = "CSfea.Sparse", "CSfea.Sparse\CSfea.Sparse.csproj", "{20861152-8A17-4E67-B418-3921BB3ACD3C}"
EndProject
Project("{FAE04EC0-301F-11D3-BF4B-00C04F79EFBC}") = "CSfea.Core", "CSfea.Core\CSfea.Core.csproj", "{6F57089C-E1A8-4684-8455-96AB890F9944}"
EndProject
Project("{FAE04EC0-301F-11D3-BF4B-00C04F79EFBC}") = "CSfea.Sparse.CSparse", "CSfea.Sparse.CSparse\CSfea.Sparse.CSparse.csproj", "{D094F83E-4D94-4D1E-9B90-0A031B0FEA79}"
EndProject
Project("{FAE04EC0-301F-11D3-BF4B-00C04F79EFBC}") = "CSfea.Tests", "CSfea.Tests\CSfea.Tests.csproj", "{791DDD8C-EB77-4D84-AD9D-379C09F73FB2}"
EndProject
Project("{FAE04EC0-301F-11D3-BF4B-00C04F79EFBC}") = "CSfea.CScore", "CSfea.CScore\CSfea.CScore.csproj", "{D6EAB777-A803-4D9D-A9A6-2DF78159F7D3}"
EndProject
Project("{FAE04EC0-301F-11D3-BF4B-00C04F79EFBC}") = "CSfea.Thermal", "CSfea.Thermal\CSfea.Thermal.csproj", "{6483D15F-8D0F-4E45-8838-E0F0D9A6A8A4}"
EndProject
Project("{FAE04EC0-301F-11D3-BF4B-00C04F79EFBC}") = "CSfea.Torsion", "CSfea.Torsion\CSfea.Torsion.csproj", "{E9DD87CE-3351-4749-807D-DF4B1E60F309}"
EndProject
Project("{FAE04EC0-301F-11D3-BF4B-00C04F79EFBC}") = "CScore.Fire", "CScore.Fire\CScore.Fire.csproj", "{EDD6AC62-EC71-4429-88C7-A41ADFEA9BFB}"
EndProject
Project("{FAE04EC0-301F-11D3-BF4B-00C04F79EFBC}") = "CSTriangulation", "CSTriangulation\CSTriangulation.csproj", "{A9E05F06-15A8-4DC7-9FFF-1C25DF2B23A6}"
EndProject
Global
	GlobalSection(SolutionConfigurationPlatforms) = preSolution
		Debug|Any CPU = Debug|Any CPU
		Debug|x64 = Debug|x64
		Debug|x86 = Debug|x86
		Release|Any CPU = Release|Any CPU
		Release|x64 = Release|x64
		Release|x86 = Release|x86
	EndGlobalSection
	GlobalSection(ProjectConfigurationPlatforms) = postSolution
		{7BA33C8B-EBF0-4E2B-B1A7-0933D32C3E19}.Debug|Any CPU.ActiveCfg = Debug|Any CPU
		{7BA33C8B-EBF0-4E2B-B1A7-0933D32C3E19}.Debug|Any CPU.Build.0 = Debug|Any CPU
		{7BA33C8B-EBF0-4E2B-B1A7-0933D32C3E19}.Debug|x64.ActiveCfg = Debug|Any CPU
		{7BA33C8B-EBF0-4E2B-B1A7-0933D32C3E19}.Debug|x64.Build.0 = Debug|Any CPU
		{7BA33C8B-EBF0-4E2B-B1A7-0933D32C3E19}.Debug|x86.ActiveCfg = Debug|Any CPU
		{7BA33C8B-EBF0-4E2B-B1A7-0933D32C3E19}.Debug|x86.Build.0 = Debug|Any CPU
		{7BA33C8B-EBF0-4E2B-B1A7-0933D32C3E19}.Release|Any CPU.ActiveCfg = Release|Any CPU
		{7BA33C8B-EBF0-4E2B-B1A7-0933D32C3E19}.Release|Any CPU.Build.0 = Release|Any CPU
		{7BA33C8B-EBF0-4E2B-B1A7-0933D32C3E19}.Release|x64.ActiveCfg = Release|Any CPU
		{7BA33C8B-EBF0-4E2B-B1A7-0933D32C3E19}.Release|x64.Build.0 = Release|Any CPU
		{7BA33C8B-EBF0-4E2B-B1A7-0933D32C3E19}.Release|x86.ActiveCfg = Release|Any CPU
		{7BA33C8B-EBF0-4E2B-B1A7-0933D32C3E19}.Release|x86.Build.0 = Release|Any CPU
		{054798B0-2429-4FA1-AF18-E27A3F43CC27}.Debug|Any CPU.ActiveCfg = Debug|Any CPU
		{054798B0-2429-4FA1-AF18-E27A3F43CC27}.Debug|Any CPU.Build.0 = Debug|Any CPU
		{054798B0-2429-4FA1-AF18-E27A3F43CC27}.Debug|x64.ActiveCfg = Debug|Any CPU
		{054798B0-2429-4FA1-AF18-E27A3F43CC27}.Debug|x64.Build.0 = Debug|Any CPU
		{054798B0-2429-4FA1-AF18-E27A3F43CC27}.Debug|x86.ActiveCfg = Debug|Any CPU
		{054798B0-2429-4FA1-AF18-E27A3F43CC27}.Debug|x86.Build.0 = Debug|Any CPU
		{054798B0-2429-4FA1-AF18-E27A3F43CC27}.Release|Any CPU.ActiveCfg = Release|Any CPU
		{054798B0-2429-4FA1-AF18-E27A3F43CC27}.Release|Any CPU.Build.0 = Release|Any CPU
		{054798B0-2429-4FA1-AF18-E27A3F43CC27}.Release|x64.ActiveCfg = Release|Any CPU
		{054798B0-2429-4FA1-AF18-E27A3F43CC27}.Release|x64.Build.0 = Release|Any CPU
		{054798B0-2429-4FA1-AF18-E27A3F43CC27}.Release|x86.ActiveCfg = Release|Any CPU
		{054798B0-2429-4FA1-AF18-E27A3F43CC27}.Release|x86.Build.0 = Release|Any CPU
		{DE2B9777-7A20-48A0-9C6A-58BF150EE2D8}.Debug|Any CPU.ActiveCfg = Debug|Any CPU
		{DE2B9777-7A20-48A0-9C6A-58BF150EE2D8}.Debug|Any CPU.Build.0 = Debug|Any CPU
		{DE2B9777-7A20-48A0-9C6A-58BF150EE2D8}.Debug|x64.ActiveCfg = Debug|Any CPU
		{DE2B9777-7A20-48A0-9C6A-58BF150EE2D8}.Debug|x64.Build.0 = Debug|Any CPU
		{DE2B9777-7A20-48A0-9C6A-58BF150EE2D8}.Debug|x86.ActiveCfg = Debug|Any CPU
		{DE2B9777-7A20-48A0-9C6A-58BF150EE2D8}.Debug|x86.Build.0 = Debug|Any CPU
		{DE2B9777-7A20-48A0-9C6A-58BF150EE2D8}.Release|Any CPU.ActiveCfg = Release|Any CPU
		{DE2B9777-7A20-48A0-9C6A-58BF150EE2D8}.Release|Any CPU.Build.0 = Release|Any CPU
		{DE2B9777-7A20-48A0-9C6A-58BF150EE2D8}.Release|x64.ActiveCfg = Release|Any CPU
		{DE2B9777-7A20-48A0-9C6A-58BF150EE2D8}.Release|x64.Build.0 = Release|Any CPU
		{DE2B9777-7A20-48A0-9C6A-58BF150EE2D8}.Release|x86.ActiveCfg = Release|Any CPU
		{DE2B9777-7A20-48A0-9C6A-58BF150EE2D8}.Release|x86.Build.0 = Release|Any CPU
		{20861152-8A17-4E67-B418-3921BB3ACD3C}.Debug|Any CPU.ActiveCfg = Debug|Any CPU
		{20861152-8A17-4E67-B418-3921BB3ACD3C}.Debug|Any CPU.Build.0 = Debug|Any CPU
		{20861152-8A17-4E67-B418-3921BB3ACD3C}.Debug|x64.ActiveCfg = Debug|Any CPU
		{20861152-8A17-4E67-B418-3921BB3ACD3C}.Debug|x64.Build.0 = Debug|Any CPU
		{20861152-8A17-4E67-B418-3921BB3ACD3C}.Debug|x86.ActiveCfg = Debug|Any CPU
		{20861152-8A17-4E67-B418-3921BB3ACD3C}.Debug|x86.Build.0 = Debug|Any CPU
		{20861152-8A17-4E67-B418-3921BB3ACD3C}.Release|Any CPU.ActiveCfg = Release|Any CPU
		{20861152-8A17-4E67-B418-3921BB3ACD3C}.Release|Any CPU.Build.0 = Release|Any CPU
		{20861152-8A17-4E67-B418-3921BB3ACD3C}.Release|x64.ActiveCfg = Release|Any CPU
		{20861152-8A17-4E67-B418-3921BB3ACD3C}.Release|x64.Build.0 = Release|Any CPU
		{20861152-8A17-4E67-B418-3921BB3ACD3C}.Release|x86.ActiveCfg = Release|Any CPU
		{20861152-8A17-4E67-B418-3921BB3ACD3C}.Release|x86.Build.0 = Release|Any CPU
		{6F57089C-E1A8-4684-8455-96AB890F9944}.Debug|Any CPU.ActiveCfg = Debug|Any CPU
		{6F57089C-E1A8-4684-8455-96AB890F9944}.Debug|Any CPU.Build.0 = Debug|Any CPU
		{6F57089C-E1A8-4684-8455-96AB890F9944}.Debug|x64.ActiveCfg = Debug|Any CPU
		{6F57089C-E1A8-4684-8455-96AB890F9944}.Debug|x64.Build.0 = Debug|Any CPU
		{6F57089C-E1A8-4684-8455-96AB890F9944}.Debug|x86.ActiveCfg = Debug|Any CPU
		{6F57089C-E1A8-4684-8455-96AB890F9944}.Debug|x86.Build.0 = Debug|Any CPU
		{6F57089C-E1A8-4684-8455-96AB890F9944}.Release|Any CPU.ActiveCfg = Release|Any CPU
		{6F57089C-E1A8-4684-8455-96AB890F9944}.Release|Any CPU.Build.0 = Release|Any CPU
		{6F57089C-E1A8-4684-8455-96AB890F9944}.Release|x64.ActiveCfg = Release|Any CPU
		{6F57089C-E1A8-4684-8455-96AB890F9944}.Release|x64.Build.0 = Release|Any CPU
		{6F57089C-E1A8-4684-8455-96AB890F9944}.Release|x86.ActiveCfg = Release|Any CPU
		{6F57089C-E1A8-4684-8455-96AB890F9944}.Release|x86.Build.0 = Release|Any CPU
		{D094F83E-4D94-4D1E-9B90-0A031B0FEA79}.Debug|Any CPU.ActiveCfg = Debug|Any CPU
		{D094F83E-4D94-4D1E-9B90-0A031B0FEA79}.Debug|Any CPU.Build.0 = Debug|Any CPU
		{D094F83E-4D94-4D1E-9B90-0A031B0FEA79}.Debug|x64.ActiveCfg = Debug|Any CPU
		{D094F83E-4D94-4D1E-9B90-0A031B0FEA79}.Debug|x64.Build.0 = Debug|Any CPU
		{D094F83E-4D94-4D1E-9B90-0A031B0FEA79}.Debug|x86.ActiveCfg = Debug|Any CPU
		{D094F83E-4D94-4D1E-9B90-0A031B0FEA79}.Debug|x86.Build.0 = Debug|Any CPU
		{D094F83E-4D94-4D1E-9B90-0A031B0FEA79}.Release|Any CPU.ActiveCfg = Release|Any CPU
		{D094F83E-4D94-4D1E-9B90-0A031B0FEA79}.Release|Any CPU.Build.0 = Release|Any CPU
		{D094F83E-4D94-4D1E-9B90-0A031B0FEA79}.Release|x64.ActiveCfg = Release|Any CPU
		{D094F83E-4D94-4D1E-9B90-0A031B0FEA79}.Release|x64.Build.0 = Release|Any CPU
		{D094F83E-4D94-4D1E-9B90-0A031B0FEA79}.Release|x86.ActiveCfg = Release|Any CPU
		{D094F83E-4D94-4D1E-9B90-0A031B0FEA79}.Release|x86.Build.0 = Release|Any CPU
		{791DDD8C-EB77-4D84-AD9D-379C09F73FB2}.Debug|Any CPU.ActiveCfg = Debug|Any CPU
		{791DDD8C-EB77-4D84-AD9D-379C09F73FB2}.Debug|Any CPU.Build.0 = Debug|Any CPU
		{791DDD8C-EB77-4D84-AD9D-379C09F73FB2}.Debug|x64.ActiveCfg = Debug|Any CPU
		{791DDD8C-EB77-4D84-AD9D-379C09F73FB2}.Debug|x64.Build.0 = Debug|Any CPU
		{791DDD8C-EB77-4D84-AD9D-379C09F73FB2}.Debug|x86.ActiveCfg = Debug|Any CPU
		{791DDD8C-EB77-4D84-AD9D-379C09F73FB2}.Debug|x86.Build.0 = Debug|Any CPU
		{791DDD8C-EB77-4D84-AD9D-379C09F73FB2}.Release|Any CPU.ActiveCfg = Release|Any CPU
		{791DDD8C-EB77-4D84-AD9D-379C09F73FB2}.Release|Any CPU.Build.0 = Release|Any CPU
		{791DDD8C-EB77-4D84-AD9D-379C09F73FB2}.Release|x64.ActiveCfg = Release|Any CPU
		{791DDD8C-EB77-4D84-AD9D-379C09F73FB2}.Release|x64.Build.0 = Release|Any CPU
		{791DDD8C-EB77-4D84-AD9D-379C09F73FB2}.Release|x86.ActiveCfg = Release|Any CPU
		{791DDD8C-EB77-4D84-AD9D-379C09F73FB2}.Release|x86.Build.0 = Release|Any CPU
		{D6EAB777-A803-4D9D-A9A6-2DF78159F7D3}.Debug|Any CPU.ActiveCfg = Debug|Any CPU
		{D6EAB777-A803-4D9D-A9A6-2DF78159F7D3}.Debug|Any CPU.Build.0 = Debug|Any CPU
		{D6EAB777-A803-4D9D-A9A6-2DF78159F7D3}.Debug|x64.ActiveCfg = Debug|Any CPU
		{D6EAB777-A803-4D9D-A9A6-2DF78159F7D3}.Debug|x64.Build.0 = Debug|Any CPU
		{D6EAB777-A803-4D9D-A9A6-2DF78159F7D3}.Debug|x86.ActiveCfg = Debug|Any CPU
		{D6EAB777-A803-4D9D-A9A6-2DF78159F7D3}.Debug|x86.Build.0 = Debug|Any CPU
		{D6EAB777-A803-4D9D-A9A6-2DF78159F7D3}.Release|Any CPU.ActiveCfg = Release|Any CPU
		{D6EAB777-A803-4D9D-A9A6-2DF78159F7D3}.Release|Any CPU.Build.0 = Release|Any CPU
		{D6EAB777-A803-4D9D-A9A6-2DF78159F7D3}.Release|x64.ActiveCfg = Release|Any CPU
		{D6EAB777-A803-4D9D-A9A6-2DF78159F7D3}.Release|x64.Build.0 = Release|Any CPU
		{D6EAB777-A803-4D9D-A9A6-2DF78159F7D3}.Release|x86.ActiveCfg = Release|Any CPU
		{D6EAB777-A803-4D9D-A9A6-2DF78159F7D3}.Release|x86.Build.0 = Release|Any CPU
		{6483D15F-8D0F-4E45-8838-E0F0D9A6A8A4}.Debug|Any CPU.ActiveCfg = Debug|Any CPU
		{6483D15F-8D0F-4E45-8838-E0F0D9A6A8A4}.Debug|Any CPU.Build.0 = Debug|Any CPU
		{6483D15F-8D0F-4E45-8838-E0F0D9A6A8A4}.Debug|x64.ActiveCfg = Debug|Any CPU
		{6483D15F-8D0F-4E45-8838-E0F0D9A6A8A4}.Debug|x64.Build.0 = Debug|Any CPU
		{6483D15F-8D0F-4E45-8838-E0F0D9A6A8A4}.Debug|x86.ActiveCfg = Debug|Any CPU
		{6483D15F-8D0F-4E45-8838-E0F0D9A6A8A4}.Debug|x86.Build.0 = Debug|Any CPU
		{6483D15F-8D0F-4E45-8838-E0F0D9A6A8A4}.Release|Any CPU.ActiveCfg = Release|Any CPU
		{6483D15F-8D0F-4E45-8838-E0F0D9A6A8A4}.Release|Any CPU.Build.0 = Release|Any CPU
		{6483D15F-8D0F-4E45-8838-E0F0D9A6A8A4}.Release|x64.ActiveCfg = Release|Any CPU
		{6483D15F-8D0F-4E45-8838-E0F0D9A6A8A4}.Release|x64.Build.0 = Release|Any CPU
		{6483D15F-8D0F-4E45-8838-E0F0D9A6A8A4}.Release|x86.ActiveCfg = Release|Any CPU
		{6483D15F-8D0F-4E45-8838-E0F0D9A6A8A4}.Release|x86.Build.0 = Release|Any CPU
		{E9DD87CE-3351-4749-807D-DF4B1E60F309}.Debug|Any CPU.ActiveCfg = Debug|Any CPU
		{E9DD87CE-3351-4749-807D-DF4B1E60F309}.Debug|Any CPU.Build.0 = Debug|Any CPU
		{E9DD87CE-3351-4749-807D-DF4B1E60F309}.Debug|x64.ActiveCfg = Debug|Any CPU
		{E9DD87CE-3351-4749-807D-DF4B1E60F309}.Debug|x64.Build.0 = Debug|Any CPU
		{E9DD87CE-3351-4749-807D-DF4B1E60F309}.Debug|x86.ActiveCfg = Debug|Any CPU
		{E9DD87CE-3351-4749-807D-DF4B1E60F309}.Debug|x86.Build.0 = Debug|Any CPU
		{E9DD87CE-3351-4749-807D-DF4B1E60F309}.Release|Any CPU.ActiveCfg = Release|Any CPU
		{E9DD87CE-3351-4749-807D-DF4B1E60F309}.Release|Any CPU.Build.0 = Release|Any CPU
		{E9DD87CE-3351-4749-807D-DF4B1E60F309}.Release|x64.ActiveCfg = Release|Any CPU
		{E9DD87CE-3351-4749-807D-DF4B1E60F309}.Release|x64.Build.0 = Release|Any CPU
		{E9DD87CE-3351-4749-807D-DF4B1E60F309}.Release|x86.ActiveCfg = Release|Any CPU
		{E9DD87CE-3351-4749-807D-DF4B1E60F309}.Release|x86.Build.0 = Release|Any CPU
		{EDD6AC62-EC71-4429-88C7-A41ADFEA9BFB}.Debug|Any CPU.ActiveCfg = Debug|Any CPU
		{EDD6AC62-EC71-4429-88C7-A41ADFEA9BFB}.Debug|Any CPU.Build.0 = Debug|Any CPU
		{EDD6AC62-EC71-4429-88C7-A41ADFEA9BFB}.Debug|x64.ActiveCfg = Debug|Any CPU
		{EDD6AC62-EC71-4429-88C7-A41ADFEA9BFB}.Debug|x64.Build.0 = Debug|Any CPU
		{EDD6AC62-EC71-4429-88C7-A41ADFEA9BFB}.Debug|x86.ActiveCfg = Debug|Any CPU
		{EDD6AC62-EC71-4429-88C7-A41ADFEA9BFB}.Debug|x86.Build.0 = Debug|Any CPU
		{EDD6AC62-EC71-4429-88C7-A41ADFEA9BFB}.Release|Any CPU.ActiveCfg = Release|Any CPU
		{EDD6AC62-EC71-4429-88C7-A41ADFEA9BFB}.Release|Any CPU.Build.0 = Release|Any CPU
		{EDD6AC62-EC71-4429-88C7-A41ADFEA9BFB}.Release|x64.ActiveCfg = Release|Any CPU
		{EDD6AC62-EC71-4429-88C7-A41ADFEA9BFB}.Release|x64.Build.0 = Release|Any CPU
		{EDD6AC62-EC71-4429-88C7-A41ADFEA9BFB}.Release|x86.ActiveCfg = Release|Any CPU
		{EDD6AC62-EC71-4429-88C7-A41ADFEA9BFB}.Release|x86.Build.0 = Release|Any CPU
		{A9E05F06-15A8-4DC7-9FFF-1C25DF2B23A6}.Debug|Any CPU.ActiveCfg = Debug|Any CPU
		{A9E05F06-15A8-4DC7-9FFF-1C25DF2B23A6}.Debug|Any CPU.Build.0 = Debug|Any CPU
		{A9E05F06-15A8-4DC7-9FFF-1C25DF2B23A6}.Debug|x64.ActiveCfg = Debug|Any CPU
		{A9E05F06-15A8-4DC7-9FFF-1C25DF2B23A6}.Debug|x64.Build.0 = Debug|Any CPU
		{A9E05F06-15A8-4DC7-9FFF-1C25DF2B23A6}.Debug|x86.ActiveCfg = Debug|Any CPU
		{A9E05F06-15A8-4DC7-9FFF-1C25DF2B23A6}.Debug|x86.Build.0 = Debug|Any CPU
		{A9E05F06-15A8-4DC7-9FFF-1C25DF2B23A6}.Release|Any CPU.ActiveCfg = Release|Any CPU
		{A9E05F06-15A8-4DC7-9FFF-1C25DF2B23A6}.Release|Any CPU.Build.0 = Release|Any CPU
		{A9E05F06-15A8-4DC7-9FFF-1C25DF2B23A6}.Release|x64.ActiveCfg = Release|Any CPU
		{A9E05F06-15A8-4DC7-9FFF-1C25DF2B23A6}.Release|x64.Build.0 = Release|Any CPU
		{A9E05F06-15A8-4DC7-9FFF-1C25DF2B23A6}.Release|x86.ActiveCfg = Release|Any CPU
		{A9E05F06-15A8-4DC7-9FFF-1C25DF2B23A6}.Release|x86.Build.0 = Release|Any CPU
	EndGlobalSection
	GlobalSection(SolutionProperties) = preSolution
		HideSolutionNode = FALSE
	EndGlobalSection
	GlobalSection(ExtensibilityGlobals) = postSolution
		SolutionGuid = {80DB4C21-55DD-4D5B-907B-DC5B706D19CF}
	EndGlobalSection
EndGlobal
